
Microsoft Visual Studio Solution File, Format Version 12.00
# Visual Studio Version 16
VisualStudioVersion = 16.0.30717.126
MinimumVisualStudioVersion = 10.0.40219.1
Project("{9A19103F-16F7-4668-BE54-9A1E7A4F7556}") = "LP01", "LP01\LP01.csproj", "{685F7A6A-4D43-441F-B6C1-92A4ABA178BC}"
EndProject
Global
	GlobalSection(SolutionConfigurationPlatforms) = preSolution
		Debug|Any CPU = Debug|Any CPU
		Release|Any CPU = Release|Any CPU
	EndGlobalSection
	GlobalSection(ProjectConfigurationPlatforms) = postSolution
		{685F7A6A-4D43-441F-B6C1-92A4ABA178BC}.Debug|Any CPU.ActiveCfg = Debug|Any CPU
		{685F7A6A-4D43-441F-B6C1-92A4ABA178BC}.Debug|Any CPU.Build.0 = Debug|Any CPU
		{685F7A6A-4D43-441F-B6C1-92A4ABA178BC}.Release|Any CPU.ActiveCfg = Release|Any CPU
		{685F7A6A-4D43-441F-B6C1-92A4ABA178BC}.Release|Any CPU.Build.0 = Release|Any CPU
	EndGlobalSection
	GlobalSection(SolutionProperties) = preSolution
		HideSolutionNode = FALSE
	EndGlobalSection
	GlobalSection(ExtensibilityGlobals) = postSolution
		SolutionGuid = {542C7A3F-835B-41F0-B8D9-161E6B42849C}
	EndGlobalSection
EndGlobal
